// !$*UTF8*$!
{
	archiveVersion = 1;
	classes = {
	};
	objectVersion = 56;
	objects = {

/* Begin PBXBuildFile section */
		F92C5B7B2C6C8B44007E3164 /* DoubleStackQueue.swift in Sources */ = {isa = PBXBuildFile; fileRef = F92C5B7A2C6C8B44007E3164 /* DoubleStackQueue.swift */; };
		F9C200EE2C0E011600CB6078 /* main.swift in Sources */ = {isa = PBXBuildFile; fileRef = F9C200ED2C0E011600CB6078 /* main.swift */; };
		F9F52C2E2C27181F006BCC10 /* 양방향 큐.swift in Sources */ = {isa = PBXBuildFile; fileRef = F9F52C2C2C2714AC006BCC10 /* 양방향 큐.swift */; };
		F9F52C302C27191F006BCC10 /* 단방향큐.swift in Sources */ = {isa = PBXBuildFile; fileRef = F9F52C2F2C27191F006BCC10 /* 단방향큐.swift */; };
/* End PBXBuildFile section */

/* Begin PBXCopyFilesBuildPhase section */
		F9C200E82C0E011600CB6078 /* CopyFiles */ = {
			isa = PBXCopyFilesBuildPhase;
			buildActionMask = 2147483647;
			dstPath = /usr/share/man/man1/;
			dstSubfolderSpec = 0;
			files = (
			);
			runOnlyForDeploymentPostprocessing = 1;
		};
/* End PBXCopyFilesBuildPhase section */

/* Begin PBXFileReference section */
		F92C5B7A2C6C8B44007E3164 /* DoubleStackQueue.swift */ = {isa = PBXFileReference; lastKnownFileType = sourcecode.swift; path = DoubleStackQueue.swift; sourceTree = "<group>"; };
		F98C65662C22D76A004E2F9D /* 해시_의상_42578.swift */ = {isa = PBXFileReference; lastKnownFileType = sourcecode.swift; path = "해시_의상_42578.swift"; sourceTree = "<group>"; };
		F98C65682C22FF95004E2F9D /* 해시_베스트앨범_42579.swift */ = {isa = PBXFileReference; lastKnownFileType = sourcecode.swift; path = "해시_베스트앨범_42579.swift"; sourceTree = "<group>"; };
		F98C656A2C253EE3004E2F9D /* 해시_추월_2002.swift */ = {isa = PBXFileReference; lastKnownFileType = sourcecode.swift; path = "해시_추월_2002.swift"; sourceTree = "<group>"; };
		F98C656C2C25BEF2004E2F9D /* 스택_괄호_9012.swift */ = {isa = PBXFileReference; lastKnownFileType = sourcecode.swift; path = "스택_괄호_9012.swift"; sourceTree = "<group>"; };
		F98C656E2C26C983004E2F9D /* 스택_괄호끼워넣기_11899.swift */ = {isa = PBXFileReference; lastKnownFileType = sourcecode.swift; path = "스택_괄호끼워넣기_11899.swift"; sourceTree = "<group>"; };
		F9C200EA2C0E011600CB6078 /* AlgorithmSwift */ = {isa = PBXFileReference; explicitFileType = "compiled.mach-o.executable"; includeInIndex = 0; path = AlgorithmSwift; sourceTree = BUILT_PRODUCTS_DIR; };
		F9C200ED2C0E011600CB6078 /* main.swift */ = {isa = PBXFileReference; lastKnownFileType = sourcecode.swift; path = main.swift; sourceTree = "<group>"; };
		F9C200F62C0EE25300CB6078 /* Closure.swift */ = {isa = PBXFileReference; lastKnownFileType = sourcecode.swift; path = Closure.swift; sourceTree = "<group>"; };
		F9C200FA2C10975000CB6078 /* Map, Filter, Reduce.swift */ = {isa = PBXFileReference; lastKnownFileType = sourcecode.swift; path = "Map, Filter, Reduce.swift"; sourceTree = "<group>"; };
		F9D5C4982C12EF740064028D /* 최빈값구하기.swift */ = {isa = PBXFileReference; lastKnownFileType = sourcecode.swift; path = "최빈값구하기.swift"; sourceTree = "<group>"; };
		F9D6532C2C4E99470096DD41 /* BFS.swift */ = {isa = PBXFileReference; lastKnownFileType = sourcecode.swift; path = BFS.swift; sourceTree = "<group>"; };
		F9E7D9902C490CF1007C4F12 /* DFS.swift */ = {isa = PBXFileReference; lastKnownFileType = sourcecode.swift; path = DFS.swift; sourceTree = "<group>"; };
		F9EAF0962C784E0E0012328E /* Combination.swift */ = {isa = PBXFileReference; lastKnownFileType = sourcecode.swift; path = Combination.swift; sourceTree = "<group>"; };
		F9F52C2C2C2714AC006BCC10 /* 양방향 큐.swift */ = {isa = PBXFileReference; lastKnownFileType = sourcecode.swift; path = "양방향 큐.swift"; sourceTree = "<group>"; };
		F9F52C2F2C27191F006BCC10 /* 단방향큐.swift */ = {isa = PBXFileReference; lastKnownFileType = sourcecode.swift; path = "단방향큐.swift"; sourceTree = "<group>"; };
		F9F52C312C271ADA006BCC10 /* 큐_카드2_2164.swift */ = {isa = PBXFileReference; lastKnownFileType = sourcecode.swift; path = "큐_카드2_2164.swift"; sourceTree = "<group>"; };
/* End PBXFileReference section */

/* Begin PBXFrameworksBuildPhase section */
		F9C200E72C0E011600CB6078 /* Frameworks */ = {
			isa = PBXFrameworksBuildPhase;
			buildActionMask = 2147483647;
			files = (
			);
			runOnlyForDeploymentPostprocessing = 0;
		};
/* End PBXFrameworksBuildPhase section */

/* Begin PBXGroup section */
		F98C65632C21AA4C004E2F9D /* BOJ */ = {
			isa = PBXGroup;
			children = (
				F9E7D9932C4E8EEC007C4F12 /* Silver */,
			);
			path = BOJ;
			sourceTree = "<group>";
		};
		F98C65722C26CA96004E2F9D /* DataStructure */ = {
			isa = PBXGroup;
			children = (
				F9F52C2C2C2714AC006BCC10 /* 양방향 큐.swift */,
				F9F52C2F2C27191F006BCC10 /* 단방향큐.swift */,
				F92C5B7A2C6C8B44007E3164 /* DoubleStackQueue.swift */,
			);
			path = DataStructure;
			sourceTree = "<group>";
		};
		F9C200E12C0E011600CB6078 = {
			isa = PBXGroup;
			children = (
				F9C200EC2C0E011600CB6078 /* AlgorithmSwift */,
				F9C200EB2C0E011600CB6078 /* Products */,
			);
			sourceTree = "<group>";
		};
		F9C200EB2C0E011600CB6078 /* Products */ = {
			isa = PBXGroup;
			children = (
				F9C200EA2C0E011600CB6078 /* AlgorithmSwift */,
			);
			name = Products;
			sourceTree = "<group>";
		};
		F9C200EC2C0E011600CB6078 /* AlgorithmSwift */ = {
			isa = PBXGroup;
			children = (
				F9E7D9922C490DEA007C4F12 /* Algorithm */,
				F98C65722C26CA96004E2F9D /* DataStructure */,
				F9C200ED2C0E011600CB6078 /* main.swift */,
				F98C65632C21AA4C004E2F9D /* BOJ */,
				F9D5C4972C12EF600064028D /* Programmers */,
				F9C200F42C0E014E00CB6078 /* Grammars */,
			);
			path = AlgorithmSwift;
			sourceTree = "<group>";
		};
		F9C200F42C0E014E00CB6078 /* Grammars */ = {
			isa = PBXGroup;
			children = (
				F9C200F62C0EE25300CB6078 /* Closure.swift */,
				F9C200FA2C10975000CB6078 /* Map, Filter, Reduce.swift */,
			);
			path = Grammars;
			sourceTree = "<group>";
		};
		F9D5C4972C12EF600064028D /* Programmers */ = {
			isa = PBXGroup;
			children = (
				F9D5C4982C12EF740064028D /* 최빈값구하기.swift */,
				F98C65662C22D76A004E2F9D /* 해시_의상_42578.swift */,
				F98C65682C22FF95004E2F9D /* 해시_베스트앨범_42579.swift */,
			);
			path = Programmers;
			sourceTree = "<group>";
		};
		F9E7D9922C490DEA007C4F12 /* Algorithm */ = {
			isa = PBXGroup;
			children = (
				F9E7D9902C490CF1007C4F12 /* DFS.swift */,
				F9D6532C2C4E99470096DD41 /* BFS.swift */,
				F9EAF0962C784E0E0012328E /* Combination.swift */,
			);
			path = Algorithm;
			sourceTree = "<group>";
		};
		F9E7D9932C4E8EEC007C4F12 /* Silver */ = {
			isa = PBXGroup;
			children = (
				F98C656A2C253EE3004E2F9D /* 해시_추월_2002.swift */,
				F98C656C2C25BEF2004E2F9D /* 스택_괄호_9012.swift */,
				F98C656E2C26C983004E2F9D /* 스택_괄호끼워넣기_11899.swift */,
				F9F52C312C271ADA006BCC10 /* 큐_카드2_2164.swift */,
			);
			path = Silver;
			sourceTree = "<group>";
		};
/* End PBXGroup section */

/* Begin PBXNativeTarget section */
		F9C200E92C0E011600CB6078 /* AlgorithmSwift */ = {
			isa = PBXNativeTarget;
			buildConfigurationList = F9C200F12C0E011600CB6078 /* Build configuration list for PBXNativeTarget "AlgorithmSwift" */;
			buildPhases = (
				F9C200E62C0E011600CB6078 /* Sources */,
				F9C200E72C0E011600CB6078 /* Frameworks */,
				F9C200E82C0E011600CB6078 /* CopyFiles */,
			);
			buildRules = (
			);
			dependencies = (
			);
			name = AlgorithmSwift;
			productName = AlgorithmSwift;
			productReference = F9C200EA2C0E011600CB6078 /* AlgorithmSwift */;
			productType = "com.apple.product-type.tool";
		};
/* End PBXNativeTarget section */

/* Begin PBXProject section */
		F9C200E22C0E011600CB6078 /* Project object */ = {
			isa = PBXProject;
			attributes = {
				BuildIndependentTargetsInParallel = 1;
				LastSwiftUpdateCheck = 1530;
				LastUpgradeCheck = 1530;
				TargetAttributes = {
					F9C200E92C0E011600CB6078 = {
						CreatedOnToolsVersion = 15.3;
					};
				};
			};
			buildConfigurationList = F9C200E52C0E011600CB6078 /* Build configuration list for PBXProject "AlgorithmSwift" */;
			compatibilityVersion = "Xcode 14.0";
			developmentRegion = en;
			hasScannedForEncodings = 0;
			knownRegions = (
				en,
				Base,
			);
			mainGroup = F9C200E12C0E011600CB6078;
			productRefGroup = F9C200EB2C0E011600CB6078 /* Products */;
			projectDirPath = "";
			projectRoot = "";
			targets = (
				F9C200E92C0E011600CB6078 /* AlgorithmSwift */,
			);
		};
/* End PBXProject section */

/* Begin PBXSourcesBuildPhase section */
		F9C200E62C0E011600CB6078 /* Sources */ = {
			isa = PBXSourcesBuildPhase;
			buildActionMask = 2147483647;
			files = (
				F9F52C302C27191F006BCC10 /* 단방향큐.swift in Sources */,
				F9C200EE2C0E011600CB6078 /* main.swift in Sources */,
				F9F52C2E2C27181F006BCC10 /* 양방향 큐.swift in Sources */,
				F92C5B7B2C6C8B44007E3164 /* DoubleStackQueue.swift in Sources */,
			);
			runOnlyForDeploymentPostprocessing = 0;
		};
/* End PBXSourcesBuildPhase section */

/* Begin XCBuildConfiguration section */
		F9C200EF2C0E011600CB6078 /* Debug */ = {
			isa = XCBuildConfiguration;
			buildSettings = {
				ALWAYS_SEARCH_USER_PATHS = NO;
				ASSETCATALOG_COMPILER_GENERATE_SWIFT_ASSET_SYMBOL_EXTENSIONS = YES;
				CLANG_ANALYZER_NONNULL = YES;
				CLANG_ANALYZER_NUMBER_OBJECT_CONVERSION = YES_AGGRESSIVE;
				CLANG_CXX_LANGUAGE_STANDARD = "gnu++20";
				CLANG_ENABLE_MODULES = YES;
				CLANG_ENABLE_OBJC_ARC = YES;
				CLANG_ENABLE_OBJC_WEAK = YES;
				CLANG_WARN_BLOCK_CAPTURE_AUTORELEASING = YES;
				CLANG_WARN_BOOL_CONVERSION = YES;
				CLANG_WARN_COMMA = YES;
				CLANG_WARN_CONSTANT_CONVERSION = YES;
				CLANG_WARN_DEPRECATED_OBJC_IMPLEMENTATIONS = YES;
				CLANG_WARN_DIRECT_OBJC_ISA_USAGE = YES_ERROR;
				CLANG_WARN_DOCUMENTATION_COMMENTS = YES;
				CLANG_WARN_EMPTY_BODY = YES;
				CLANG_WARN_ENUM_CONVERSION = YES;
				CLANG_WARN_INFINITE_RECURSION = YES;
				CLANG_WARN_INT_CONVERSION = YES;
				CLANG_WARN_NON_LITERAL_NULL_CONVERSION = YES;
				CLANG_WARN_OBJC_IMPLICIT_RETAIN_SELF = YES;
				CLANG_WARN_OBJC_LITERAL_CONVERSION = YES;
				CLANG_WARN_OBJC_ROOT_CLASS = YES_ERROR;
				CLANG_WARN_QUOTED_INCLUDE_IN_FRAMEWORK_HEADER = YES;
				CLANG_WARN_RANGE_LOOP_ANALYSIS = YES;
				CLANG_WARN_STRICT_PROTOTYPES = YES;
				CLANG_WARN_SUSPICIOUS_MOVE = YES;
				CLANG_WARN_UNGUARDED_AVAILABILITY = YES_AGGRESSIVE;
				CLANG_WARN_UNREACHABLE_CODE = YES;
				CLANG_WARN__DUPLICATE_METHOD_MATCH = YES;
				COPY_PHASE_STRIP = NO;
				DEBUG_INFORMATION_FORMAT = dwarf;
				ENABLE_STRICT_OBJC_MSGSEND = YES;
				ENABLE_TESTABILITY = YES;
				ENABLE_USER_SCRIPT_SANDBOXING = YES;
				GCC_C_LANGUAGE_STANDARD = gnu17;
				GCC_DYNAMIC_NO_PIC = NO;
				GCC_NO_COMMON_BLOCKS = YES;
				GCC_OPTIMIZATION_LEVEL = 0;
				GCC_PREPROCESSOR_DEFINITIONS = (
					"DEBUG=1",
					"$(inherited)",
				);
				GCC_WARN_64_TO_32_BIT_CONVERSION = YES;
				GCC_WARN_ABOUT_RETURN_TYPE = YES_ERROR;
				GCC_WARN_UNDECLARED_SELECTOR = YES;
				GCC_WARN_UNINITIALIZED_AUTOS = YES_AGGRESSIVE;
				GCC_WARN_UNUSED_FUNCTION = YES;
				GCC_WARN_UNUSED_VARIABLE = YES;
				LOCALIZATION_PREFERS_STRING_CATALOGS = YES;
				MACOSX_DEPLOYMENT_TARGET = 14.4;
				MTL_ENABLE_DEBUG_INFO = INCLUDE_SOURCE;
				MTL_FAST_MATH = YES;
				ONLY_ACTIVE_ARCH = YES;
				SDKROOT = macosx;
				SWIFT_ACTIVE_COMPILATION_CONDITIONS = "DEBUG $(inherited)";
				SWIFT_OPTIMIZATION_LEVEL = "-Onone";
			};
			name = Debug;
		};
		F9C200F02C0E011600CB6078 /* Release */ = {
			isa = XCBuildConfiguration;
			buildSettings = {
				ALWAYS_SEARCH_USER_PATHS = NO;
				ASSETCATALOG_COMPILER_GENERATE_SWIFT_ASSET_SYMBOL_EXTENSIONS = YES;
				CLANG_ANALYZER_NONNULL = YES;
				CLANG_ANALYZER_NUMBER_OBJECT_CONVERSION = YES_AGGRESSIVE;
				CLANG_CXX_LANGUAGE_STANDARD = "gnu++20";
				CLANG_ENABLE_MODULES = YES;
				CLANG_ENABLE_OBJC_ARC = YES;
				CLANG_ENABLE_OBJC_WEAK = YES;
				CLANG_WARN_BLOCK_CAPTURE_AUTORELEASING = YES;
				CLANG_WARN_BOOL_CONVERSION = YES;
				CLANG_WARN_COMMA = YES;
				CLANG_WARN_CONSTANT_CONVERSION = YES;
				CLANG_WARN_DEPRECATED_OBJC_IMPLEMENTATIONS = YES;
				CLANG_WARN_DIRECT_OBJC_ISA_USAGE = YES_ERROR;
				CLANG_WARN_DOCUMENTATION_COMMENTS = YES;
				CLANG_WARN_EMPTY_BODY = YES;
				CLANG_WARN_ENUM_CONVERSION = YES;
				CLANG_WARN_INFINITE_RECURSION = YES;
				CLANG_WARN_INT_CONVERSION = YES;
				CLANG_WARN_NON_LITERAL_NULL_CONVERSION = YES;
				CLANG_WARN_OBJC_IMPLICIT_RETAIN_SELF = YES;
				CLANG_WARN_OBJC_LITERAL_CONVERSION = YES;
				CLANG_WARN_OBJC_ROOT_CLASS = YES_ERROR;
				CLANG_WARN_QUOTED_INCLUDE_IN_FRAMEWORK_HEADER = YES;
				CLANG_WARN_RANGE_LOOP_ANALYSIS = YES;
				CLANG_WARN_STRICT_PROTOTYPES = YES;
				CLANG_WARN_SUSPICIOUS_MOVE = YES;
				CLANG_WARN_UNGUARDED_AVAILABILITY = YES_AGGRESSIVE;
				CLANG_WARN_UNREACHABLE_CODE = YES;
				CLANG_WARN__DUPLICATE_METHOD_MATCH = YES;
				COPY_PHASE_STRIP = NO;
				DEBUG_INFORMATION_FORMAT = "dwarf-with-dsym";
				ENABLE_NS_ASSERTIONS = NO;
				ENABLE_STRICT_OBJC_MSGSEND = YES;
				ENABLE_USER_SCRIPT_SANDBOXING = YES;
				GCC_C_LANGUAGE_STANDARD = gnu17;
				GCC_NO_COMMON_BLOCKS = YES;
				GCC_WARN_64_TO_32_BIT_CONVERSION = YES;
				GCC_WARN_ABOUT_RETURN_TYPE = YES_ERROR;
				GCC_WARN_UNDECLARED_SELECTOR = YES;
				GCC_WARN_UNINITIALIZED_AUTOS = YES_AGGRESSIVE;
				GCC_WARN_UNUSED_FUNCTION = YES;
				GCC_WARN_UNUSED_VARIABLE = YES;
				LOCALIZATION_PREFERS_STRING_CATALOGS = YES;
				MACOSX_DEPLOYMENT_TARGET = 14.4;
				MTL_ENABLE_DEBUG_INFO = NO;
				MTL_FAST_MATH = YES;
				SDKROOT = macosx;
				SWIFT_COMPILATION_MODE = wholemodule;
			};
			name = Release;
		};
		F9C200F22C0E011600CB6078 /* Debug */ = {
			isa = XCBuildConfiguration;
			buildSettings = {
				CODE_SIGN_STYLE = Automatic;
				PRODUCT_NAME = "$(TARGET_NAME)";
				SWIFT_VERSION = 5.0;
			};
			name = Debug;
		};
		F9C200F32C0E011600CB6078 /* Release */ = {
			isa = XCBuildConfiguration;
			buildSettings = {
				CODE_SIGN_STYLE = Automatic;
				PRODUCT_NAME = "$(TARGET_NAME)";
				SWIFT_VERSION = 5.0;
			};
			name = Release;
		};
/* End XCBuildConfiguration section */

/* Begin XCConfigurationList section */
		F9C200E52C0E011600CB6078 /* Build configuration list for PBXProject "AlgorithmSwift" */ = {
			isa = XCConfigurationList;
			buildConfigurations = (
				F9C200EF2C0E011600CB6078 /* Debug */,
				F9C200F02C0E011600CB6078 /* Release */,
			);
			defaultConfigurationIsVisible = 0;
			defaultConfigurationName = Release;
		};
		F9C200F12C0E011600CB6078 /* Build configuration list for PBXNativeTarget "AlgorithmSwift" */ = {
			isa = XCConfigurationList;
			buildConfigurations = (
				F9C200F22C0E011600CB6078 /* Debug */,
				F9C200F32C0E011600CB6078 /* Release */,
			);
			defaultConfigurationIsVisible = 0;
			defaultConfigurationName = Release;
		};
/* End XCConfigurationList section */
	};
	rootObject = F9C200E22C0E011600CB6078 /* Project object */;
}
